
Microsoft Visual Studio Solution File, Format Version 12.00
# Visual Studio Version 16
VisualStudioVersion = 16.0.31424.327
MinimumVisualStudioVersion = 10.0.40219.1
Project("{FAE04EC0-301F-11D3-BF4B-00C04F79EFBC}") = "DoAn", "DoAn.csproj", "{F13BFD65-1956-496F-9E62-74FF4D66BAA7}"
EndProject
Global
	GlobalSection(SolutionConfigurationPlatforms) = preSolution
		Debug|Any CPU = Debug|Any CPU
		Release|Any CPU = Release|Any CPU
	EndGlobalSection
	GlobalSection(ProjectConfigurationPlatforms) = postSolution
		{F13BFD65-1956-496F-9E62-74FF4D66BAA7}.Debug|Any CPU.ActiveCfg = Debug|Any CPU
		{F13BFD65-1956-496F-9E62-74FF4D66BAA7}.Debug|Any CPU.Build.0 = Debug|Any CPU
		{F13BFD65-1956-496F-9E62-74FF4D66BAA7}.Release|Any CPU.ActiveCfg = Release|Any CPU
		{F13BFD65-1956-496F-9E62-74FF4D66BAA7}.Release|Any CPU.Build.0 = Release|Any CPU
	EndGlobalSection
	GlobalSection(SolutionProperties) = preSolution
		HideSolutionNode = FALSE
	EndGlobalSection
	GlobalSection(ExtensibilityGlobals) = postSolution
		SolutionGuid = {1C92E9FF-DBC9-48E9-B768-9BBC8EA3606A}
	EndGlobalSection
EndGlobal
